
Microsoft Visual Studio Solution File, Format Version 12.00
# Visual Studio Version 17
VisualStudioVersion = 17.2.32616.157
MinimumVisualStudioVersion = 10.0.40219.1
Project("{FAE04EC0-301F-11D3-BF4B-00C04F79EFBC}") = "Boni", "Boni.csproj", "{67906CAD-12F7-45AF-9B9D-71B6637A7F56}"
EndProject
Global
	GlobalSection(SolutionConfigurationPlatforms) = preSolution
		Debug|Any CPU = Debug|Any CPU
		Release|Any CPU = Release|Any CPU
	EndGlobalSection
	GlobalSection(ProjectConfigurationPlatforms) = postSolution
		{67906CAD-12F7-45AF-9B9D-71B6637A7F56}.Debug|Any CPU.ActiveCfg = Debug|Any CPU
		{67906CAD-12F7-45AF-9B9D-71B6637A7F56}.Debug|Any CPU.Build.0 = Debug|Any CPU
		{67906CAD-12F7-45AF-9B9D-71B6637A7F56}.Release|Any CPU.ActiveCfg = Release|Any CPU
		{67906CAD-12F7-45AF-9B9D-71B6637A7F56}.Release|Any CPU.Build.0 = Release|Any CPU
	EndGlobalSection
	GlobalSection(SolutionProperties) = preSolution
		HideSolutionNode = FALSE
	EndGlobalSection
	GlobalSection(ExtensibilityGlobals) = postSolution
		SolutionGuid = {E5A85FD8-68EE-4876-B55D-D62E8E2BC124}
	EndGlobalSection
EndGlobal
